# This file is automatically @generated by Cargo.
# It is not intended for manual editing.
version = 3

[[package]]
name = "aho-corasick"
version = "1.0.2"
source = "registry+https://github.com/rust-lang/crates.io-index"
checksum = "43f6cb1bf222025340178f382c426f13757b2960e89779dfcb319c32542a5a41"
dependencies = [
 "memchr",
]

[[package]]
name = "cc"
version = "1.0.79"
source = "registry+https://github.com/rust-lang/crates.io-index"
checksum = "50d30906286121d95be3d479533b458f87493b30a4b5f79a607db8f5d11aa91f"

[[package]]
name = "html-escape"
version = "0.2.13"
source = "registry+https://github.com/rust-lang/crates.io-index"
checksum = "6d1ad449764d627e22bfd7cd5e8868264fc9236e07c752972b4080cd351cb476"
dependencies = [
 "utf8-width",
]

[[package]]
name = "itoa"
version = "1.0.9"
source = "registry+https://github.com/rust-lang/crates.io-index"
checksum = "af150ab688ff2122fcef229be89cb50dd66af9e01a4ff320cc137eecc9bacc38"

[[package]]
name = "memchr"
version = "2.5.0"
source = "registry+https://github.com/rust-lang/crates.io-index"
checksum = "2dffe52ecf27772e601905b7522cb4ef790d2cc203488bbd0e2fe85fcb74566d"

[[package]]
name = "regex"
version = "1.9.1"
source = "registry+https://github.com/rust-lang/crates.io-index"
checksum = "b2eae68fc220f7cf2532e4494aded17545fce192d59cd996e0fe7887f4ceb575"
dependencies = [
 "aho-corasick",
 "memchr",
 "regex-automata",
 "regex-syntax",
]

[[package]]
name = "regex-automata"
version = "0.3.3"
source = "registry+https://github.com/rust-lang/crates.io-index"
checksum = "39354c10dd07468c2e73926b23bb9c2caca74c5501e38a35da70406f1d923310"
dependencies = [
 "aho-corasick",
 "memchr",
 "regex-syntax",
]

[[package]]
name = "regex-syntax"
version = "0.7.4"
source = "registry+https://github.com/rust-lang/crates.io-index"
checksum = "e5ea92a5b6195c6ef2a0295ea818b312502c6fc94dde986c5553242e18fd4ce2"

[[package]]
name = "ryu"
version = "1.0.15"
source = "registry+https://github.com/rust-lang/crates.io-index"
checksum = "1ad4cc8da4ef723ed60bced201181d83791ad433213d8c24efffda1eec85d741"

[[package]]
name = "serde"
version = "1.0.175"
source = "registry+https://github.com/rust-lang/crates.io-index"
checksum = "5d25439cd7397d044e2748a6fe2432b5e85db703d6d097bd014b3c0ad1ebff0b"

[[package]]
name = "serde_json"
version = "1.0.103"
source = "registry+https://github.com/rust-lang/crates.io-index"
checksum = "d03b412469450d4404fe8499a268edd7f8b79fecb074b0d812ad64ca21f4031b"
dependencies = [
 "itoa",
 "ryu",
 "serde",
]

[[package]]
name = "tree-sitter"
version = "0.20.10"
source = "registry+https://github.com/rust-lang/crates.io-index"
checksum = "e747b1f9b7b931ed39a548c1fae149101497de3c1fc8d9e18c62c1a66c683d3d"
dependencies = [
 "cc",
 "regex",
]

[[package]]
name = "tree-sitter-c"
version = "0.20.4"
source = "registry+https://github.com/rust-lang/crates.io-index"
checksum = "fa1bb73a4101c88775e4fefcd0543ee25e192034484a5bd45cb99eefb997dca9"
dependencies = [
 "cc",
 "tree-sitter",
]

[[package]]
name = "tree-sitter-cpp"
version = "0.20.1"
source = "registry+https://github.com/rust-lang/crates.io-index"
checksum = "0dbedbf4066bfab725b3f9e2a21530507419a7d2f98621d3c13213502b734ec0"
dependencies = [
 "cc",
 "tree-sitter",
]

[[package]]
name = "tree-sitter-go"
version = "0.19.1"
source = "registry+https://github.com/rust-lang/crates.io-index"
checksum = "71967701c8214be4aa77e0260e98361e6fd71ceec1d9d03abb37a22c9f60d0ff"
dependencies = [
 "cc",
 "tree-sitter",
]

[[package]]
name = "tree-sitter-html"
version = "0.19.0"
source = "registry+https://github.com/rust-lang/crates.io-index"
checksum = "184e6b77953a354303dc87bf5fe36558c83569ce92606e7b382a0dc1b7443443"
dependencies = [
 "cc",
 "tree-sitter",
]

[[package]]
name = "tree-sitter-java"
version = "0.20.0"
source = "registry+https://github.com/rust-lang/crates.io-index"
checksum = "f0bf5d3f508cbffcbfe1805834101c0d24297a8b6c2184ad9c595556c46d2420"
dependencies = [
 "cc",
 "tree-sitter",
]

[[package]]
name = "tree-sitter-javascript"
version = "0.20.0"
source = "registry+https://github.com/rust-lang/crates.io-index"
checksum = "2490fab08630b2c8943c320f7b63473cbf65511c8d83aec551beb9b4375906ed"
dependencies = [
 "cc",
 "tree-sitter",
]

[[package]]
name = "tree-sitter-python"
version = "0.20.3"
source = "registry+https://github.com/rust-lang/crates.io-index"
checksum = "f47ebd9cac632764b2f4389b08517bf2ef895431dd163eb562e3d2062cc23a14"
dependencies = [
 "cc",
 "tree-sitter",
]

[[package]]
name = "tree-sitter-rust"
version = "0.20.3"
source = "registry+https://github.com/rust-lang/crates.io-index"
checksum = "797842733e252dc11ae5d403a18060bf337b822fc2ae5ddfaa6ff4d9cc20bda6"
dependencies = [
 "cc",
 "tree-sitter",
]

[[package]]
name = "tree-sitter-swift"
version = "0.3.6"
source = "registry+https://github.com/rust-lang/crates.io-index"
checksum = "eee2dbeb101a88a1d9e4883e3fbda6c799cf676f6a1cf59e4fc3862e67e70118"
dependencies = [
 "cc",
 "tree-sitter",
]

[[package]]
name = "treesitter-simple-cli"
version = "0.1.0"
dependencies = [
 "cc",
 "html-escape",
 "serde_json",
 "tree-sitter",
 "tree-sitter-c",
 "tree-sitter-cpp",
 "tree-sitter-go",
 "tree-sitter-html",
 "tree-sitter-java",
 "tree-sitter-javascript",
 "tree-sitter-python",
 "tree-sitter-rust",
 "tree-sitter-swift",
]

[[package]]
name = "utf8-width"
version = "0.1.6"
source = "registry+https://github.com/rust-lang/crates.io-index"
checksum = "5190c9442dcdaf0ddd50f37420417d219ae5261bbf5db120d0f9bab996c9cba1"
